
Microsoft Visual Studio Solution File, Format Version 12.00
# Visual Studio Version 17
VisualStudioVersion = 17.14.36518.9 d17.14
MinimumVisualStudioVersion = 10.0.40219.1
Project("{FAE04EC0-301F-11D3-BF4B-00C04F79EFBC}") = "MauiApp2", "MauiApp2\MauiApp2.csproj", "{EA410702-1E48-40A4-A674-A189EAEE90E9}"
EndProject
Global
	GlobalSection(SolutionConfigurationPlatforms) = preSolution
		Debug|Any CPU = Debug|Any CPU
		Release|Any CPU = Release|Any CPU
	EndGlobalSection
	GlobalSection(ProjectConfigurationPlatforms) = postSolution
		{EA410702-1E48-40A4-A674-A189EAEE90E9}.Debug|Any CPU.ActiveCfg = Debug|Any CPU
		{EA410702-1E48-40A4-A674-A189EAEE90E9}.Debug|Any CPU.Build.0 = Debug|Any CPU
		{EA410702-1E48-40A4-A674-A189EAEE90E9}.Release|Any CPU.ActiveCfg = Release|Any CPU
		{EA410702-1E48-40A4-A674-A189EAEE90E9}.Release|Any CPU.Build.0 = Release|Any CPU
	EndGlobalSection
	GlobalSection(SolutionProperties) = preSolution
		HideSolutionNode = FALSE
	EndGlobalSection
	GlobalSection(ExtensibilityGlobals) = postSolution
		SolutionGuid = {22F80F1E-7B6C-478D-A9CE-421CCF891C37}
	EndGlobalSection
EndGlobal
